
Microsoft Visual Studio Solution File, Format Version 12.00
# Visual Studio Version 17
VisualStudioVersion = 17.14.36310.24 d17.14
MinimumVisualStudioVersion = 10.0.40219.1
Project("{FAE04EC0-301F-11D3-BF4B-00C04F79EFBC}") = "Course", "Course\Course.csproj", "{FB3E9D1D-A93B-448C-8877-95F081E655B4}"
EndProject
Global
	GlobalSection(SolutionConfigurationPlatforms) = preSolution
		Debug|Any CPU = Debug|Any CPU
		Release|Any CPU = Release|Any CPU
	EndGlobalSection
	GlobalSection(ProjectConfigurationPlatforms) = postSolution
		{FB3E9D1D-A93B-448C-8877-95F081E655B4}.Debug|Any CPU.ActiveCfg = Debug|Any CPU
		{FB3E9D1D-A93B-448C-8877-95F081E655B4}.Debug|Any CPU.Build.0 = Debug|Any CPU
		{FB3E9D1D-A93B-448C-8877-95F081E655B4}.Release|Any CPU.ActiveCfg = Release|Any CPU
		{FB3E9D1D-A93B-448C-8877-95F081E655B4}.Release|Any CPU.Build.0 = Release|Any CPU
	EndGlobalSection
	GlobalSection(SolutionProperties) = preSolution
		HideSolutionNode = FALSE
	EndGlobalSection
	GlobalSection(ExtensibilityGlobals) = postSolution
		SolutionGuid = {09AAB319-DFC4-465E-89D5-5ED4880D1966}
	EndGlobalSection
EndGlobal
